
Microsoft Visual Studio Solution File, Format Version 12.00
# Visual Studio 2012
Project("{2150E333-8FDC-42A3-9474-1A3956D46DE8}") = "Source", "Source", "{A877E7B0-1679-45B9-AF90-F1F4434E4217}"
EndProject
Project("{FAE04EC0-301F-11D3-BF4B-00C04F79EFBC}") = "Controls.Layout.Toolkit", "Controls.Layout.Toolkit\Controls.Layout.Toolkit.csproj", "{C3DE1E50-0549-4E3C-BDDC-1A89C7E406CE}"
EndProject
Project("{FAE04EC0-301F-11D3-BF4B-00C04F79EFBC}") = "Controls.Input.Toolkit", "Controls.Input.Toolkit\Controls.Input.Toolkit.csproj", "{0525C596-FA5F-4277-A6D8-DFCA0F18F53D}"
EndProject
Project("{FAE04EC0-301F-11D3-BF4B-00C04F79EFBC}") = "Controls.CascadingMenu", "Controls.CascadingMenu\Controls.CascadingMenu.csproj", "{6F547CA2-6DA0-4B7A-BC72-9598CAD45A19}"
EndProject
Project("{FAE04EC0-301F-11D3-BF4B-00C04F79EFBC}") = "Controls.Toolkit", "Controls.Toolkit\Controls.Toolkit.csproj", "{FBD446BC-6CE1-4C44-A420-3607E199683C}"
EndProject
Project("{FAE04EC0-301F-11D3-BF4B-00C04F79EFBC}") = "Controls.Sample", "Controls.Sample\Controls.Sample.csproj", "{BFBCEDB8-B818-43D3-8195-F8C1DEFA5735}"
EndProject
Global
	GlobalSection(SolutionConfigurationPlatforms) = preSolution
		Debug|Any CPU = Debug|Any CPU
		Debug|ARM = Debug|ARM
		Debug|x64 = Debug|x64
		Debug|x86 = Debug|x86
		Release|Any CPU = Release|Any CPU
		Release|ARM = Release|ARM
		Release|x64 = Release|x64
		Release|x86 = Release|x86
	EndGlobalSection
	GlobalSection(ProjectConfigurationPlatforms) = postSolution
		{C3DE1E50-0549-4E3C-BDDC-1A89C7E406CE}.Debug|Any CPU.ActiveCfg = Debug|Any CPU
		{C3DE1E50-0549-4E3C-BDDC-1A89C7E406CE}.Debug|Any CPU.Build.0 = Debug|Any CPU
		{C3DE1E50-0549-4E3C-BDDC-1A89C7E406CE}.Debug|ARM.ActiveCfg = Debug|ARM
		{C3DE1E50-0549-4E3C-BDDC-1A89C7E406CE}.Debug|ARM.Build.0 = Debug|ARM
		{C3DE1E50-0549-4E3C-BDDC-1A89C7E406CE}.Debug|x64.ActiveCfg = Debug|x64
		{C3DE1E50-0549-4E3C-BDDC-1A89C7E406CE}.Debug|x64.Build.0 = Debug|x64
		{C3DE1E50-0549-4E3C-BDDC-1A89C7E406CE}.Debug|x86.ActiveCfg = Debug|x86
		{C3DE1E50-0549-4E3C-BDDC-1A89C7E406CE}.Debug|x86.Build.0 = Debug|x86
		{C3DE1E50-0549-4E3C-BDDC-1A89C7E406CE}.Release|Any CPU.ActiveCfg = Release|Any CPU
		{C3DE1E50-0549-4E3C-BDDC-1A89C7E406CE}.Release|Any CPU.Build.0 = Release|Any CPU
		{C3DE1E50-0549-4E3C-BDDC-1A89C7E406CE}.Release|ARM.ActiveCfg = Release|ARM
		{C3DE1E50-0549-4E3C-BDDC-1A89C7E406CE}.Release|ARM.Build.0 = Release|ARM
		{C3DE1E50-0549-4E3C-BDDC-1A89C7E406CE}.Release|x64.ActiveCfg = Release|x64
		{C3DE1E50-0549-4E3C-BDDC-1A89C7E406CE}.Release|x64.Build.0 = Release|x64
		{C3DE1E50-0549-4E3C-BDDC-1A89C7E406CE}.Release|x86.ActiveCfg = Release|x86
		{C3DE1E50-0549-4E3C-BDDC-1A89C7E406CE}.Release|x86.Build.0 = Release|x86
		{0525C596-FA5F-4277-A6D8-DFCA0F18F53D}.Debug|Any CPU.ActiveCfg = Debug|Any CPU
		{0525C596-FA5F-4277-A6D8-DFCA0F18F53D}.Debug|Any CPU.Build.0 = Debug|Any CPU
		{0525C596-FA5F-4277-A6D8-DFCA0F18F53D}.Debug|ARM.ActiveCfg = Debug|ARM
		{0525C596-FA5F-4277-A6D8-DFCA0F18F53D}.Debug|ARM.Build.0 = Debug|ARM
		{0525C596-FA5F-4277-A6D8-DFCA0F18F53D}.Debug|x64.ActiveCfg = Debug|x64
		{0525C596-FA5F-4277-A6D8-DFCA0F18F53D}.Debug|x64.Build.0 = Debug|x64
		{0525C596-FA5F-4277-A6D8-DFCA0F18F53D}.Debug|x86.ActiveCfg = Debug|x86
		{0525C596-FA5F-4277-A6D8-DFCA0F18F53D}.Debug|x86.Build.0 = Debug|x86
		{0525C596-FA5F-4277-A6D8-DFCA0F18F53D}.Release|Any CPU.ActiveCfg = Release|Any CPU
		{0525C596-FA5F-4277-A6D8-DFCA0F18F53D}.Release|Any CPU.Build.0 = Release|Any CPU
		{0525C596-FA5F-4277-A6D8-DFCA0F18F53D}.Release|ARM.ActiveCfg = Release|ARM
		{0525C596-FA5F-4277-A6D8-DFCA0F18F53D}.Release|ARM.Build.0 = Release|ARM
		{0525C596-FA5F-4277-A6D8-DFCA0F18F53D}.Release|x64.ActiveCfg = Release|x64
		{0525C596-FA5F-4277-A6D8-DFCA0F18F53D}.Release|x64.Build.0 = Release|x64
		{0525C596-FA5F-4277-A6D8-DFCA0F18F53D}.Release|x86.ActiveCfg = Release|x86
		{0525C596-FA5F-4277-A6D8-DFCA0F18F53D}.Release|x86.Build.0 = Release|x86
		{6F547CA2-6DA0-4B7A-BC72-9598CAD45A19}.Debug|Any CPU.ActiveCfg = Debug|Any CPU
		{6F547CA2-6DA0-4B7A-BC72-9598CAD45A19}.Debug|Any CPU.Build.0 = Debug|Any CPU
		{6F547CA2-6DA0-4B7A-BC72-9598CAD45A19}.Debug|ARM.ActiveCfg = Debug|ARM
		{6F547CA2-6DA0-4B7A-BC72-9598CAD45A19}.Debug|ARM.Build.0 = Debug|ARM
		{6F547CA2-6DA0-4B7A-BC72-9598CAD45A19}.Debug|x64.ActiveCfg = Debug|x64
		{6F547CA2-6DA0-4B7A-BC72-9598CAD45A19}.Debug|x64.Build.0 = Debug|x64
		{6F547CA2-6DA0-4B7A-BC72-9598CAD45A19}.Debug|x86.ActiveCfg = Debug|x86
		{6F547CA2-6DA0-4B7A-BC72-9598CAD45A19}.Debug|x86.Build.0 = Debug|x86
		{6F547CA2-6DA0-4B7A-BC72-9598CAD45A19}.Release|Any CPU.ActiveCfg = Release|Any CPU
		{6F547CA2-6DA0-4B7A-BC72-9598CAD45A19}.Release|Any CPU.Build.0 = Release|Any CPU
		{6F547CA2-6DA0-4B7A-BC72-9598CAD45A19}.Release|ARM.ActiveCfg = Release|ARM
		{6F547CA2-6DA0-4B7A-BC72-9598CAD45A19}.Release|ARM.Build.0 = Release|ARM
		{6F547CA2-6DA0-4B7A-BC72-9598CAD45A19}.Release|x64.ActiveCfg = Release|x64
		{6F547CA2-6DA0-4B7A-BC72-9598CAD45A19}.Release|x64.Build.0 = Release|x64
		{6F547CA2-6DA0-4B7A-BC72-9598CAD45A19}.Release|x86.ActiveCfg = Release|x86
		{6F547CA2-6DA0-4B7A-BC72-9598CAD45A19}.Release|x86.Build.0 = Release|x86
		{FBD446BC-6CE1-4C44-A420-3607E199683C}.Debug|Any CPU.ActiveCfg = Debug|Any CPU
		{FBD446BC-6CE1-4C44-A420-3607E199683C}.Debug|Any CPU.Build.0 = Debug|Any CPU
		{FBD446BC-6CE1-4C44-A420-3607E199683C}.Debug|ARM.ActiveCfg = Debug|ARM
		{FBD446BC-6CE1-4C44-A420-3607E199683C}.Debug|ARM.Build.0 = Debug|ARM
		{FBD446BC-6CE1-4C44-A420-3607E199683C}.Debug|x64.ActiveCfg = Debug|x64
		{FBD446BC-6CE1-4C44-A420-3607E199683C}.Debug|x64.Build.0 = Debug|x64
		{FBD446BC-6CE1-4C44-A420-3607E199683C}.Debug|x86.ActiveCfg = Debug|x86
		{FBD446BC-6CE1-4C44-A420-3607E199683C}.Debug|x86.Build.0 = Debug|x86
		{FBD446BC-6CE1-4C44-A420-3607E199683C}.Release|Any CPU.ActiveCfg = Release|Any CPU
		{FBD446BC-6CE1-4C44-A420-3607E199683C}.Release|Any CPU.Build.0 = Release|Any CPU
		{FBD446BC-6CE1-4C44-A420-3607E199683C}.Release|ARM.ActiveCfg = Release|ARM
		{FBD446BC-6CE1-4C44-A420-3607E199683C}.Release|ARM.Build.0 = Release|ARM
		{FBD446BC-6CE1-4C44-A420-3607E199683C}.Release|x64.ActiveCfg = Release|x64
		{FBD446BC-6CE1-4C44-A420-3607E199683C}.Release|x64.Build.0 = Release|x64
		{FBD446BC-6CE1-4C44-A420-3607E199683C}.Release|x86.ActiveCfg = Release|x86
		{FBD446BC-6CE1-4C44-A420-3607E199683C}.Release|x86.Build.0 = Release|x86
		{BFBCEDB8-B818-43D3-8195-F8C1DEFA5735}.Debug|Any CPU.ActiveCfg = Debug|Any CPU
		{BFBCEDB8-B818-43D3-8195-F8C1DEFA5735}.Debug|Any CPU.Build.0 = Debug|Any CPU
		{BFBCEDB8-B818-43D3-8195-F8C1DEFA5735}.Debug|Any CPU.Deploy.0 = Debug|Any CPU
		{BFBCEDB8-B818-43D3-8195-F8C1DEFA5735}.Debug|ARM.ActiveCfg = Debug|ARM
		{BFBCEDB8-B818-43D3-8195-F8C1DEFA5735}.Debug|ARM.Build.0 = Debug|ARM
		{BFBCEDB8-B818-43D3-8195-F8C1DEFA5735}.Debug|ARM.Deploy.0 = Debug|ARM
		{BFBCEDB8-B818-43D3-8195-F8C1DEFA5735}.Debug|x64.ActiveCfg = Debug|x64
		{BFBCEDB8-B818-43D3-8195-F8C1DEFA5735}.Debug|x64.Build.0 = Debug|x64
		{BFBCEDB8-B818-43D3-8195-F8C1DEFA5735}.Debug|x64.Deploy.0 = Debug|x64
		{BFBCEDB8-B818-43D3-8195-F8C1DEFA5735}.Debug|x86.ActiveCfg = Debug|x86
		{BFBCEDB8-B818-43D3-8195-F8C1DEFA5735}.Debug|x86.Build.0 = Debug|x86
		{BFBCEDB8-B818-43D3-8195-F8C1DEFA5735}.Debug|x86.Deploy.0 = Debug|x86
		{BFBCEDB8-B818-43D3-8195-F8C1DEFA5735}.Release|Any CPU.ActiveCfg = Release|Any CPU
		{BFBCEDB8-B818-43D3-8195-F8C1DEFA5735}.Release|Any CPU.Build.0 = Release|Any CPU
		{BFBCEDB8-B818-43D3-8195-F8C1DEFA5735}.Release|Any CPU.Deploy.0 = Release|Any CPU
		{BFBCEDB8-B818-43D3-8195-F8C1DEFA5735}.Release|ARM.ActiveCfg = Release|ARM
		{BFBCEDB8-B818-43D3-8195-F8C1DEFA5735}.Release|ARM.Build.0 = Release|ARM
		{BFBCEDB8-B818-43D3-8195-F8C1DEFA5735}.Release|ARM.Deploy.0 = Release|ARM
		{BFBCEDB8-B818-43D3-8195-F8C1DEFA5735}.Release|x64.ActiveCfg = Release|x64
		{BFBCEDB8-B818-43D3-8195-F8C1DEFA5735}.Release|x64.Build.0 = Release|x64
		{BFBCEDB8-B818-43D3-8195-F8C1DEFA5735}.Release|x64.Deploy.0 = Release|x64
		{BFBCEDB8-B818-43D3-8195-F8C1DEFA5735}.Release|x86.ActiveCfg = Release|x86
		{BFBCEDB8-B818-43D3-8195-F8C1DEFA5735}.Release|x86.Build.0 = Release|x86
		{BFBCEDB8-B818-43D3-8195-F8C1DEFA5735}.Release|x86.Deploy.0 = Release|x86
	EndGlobalSection
	GlobalSection(SolutionProperties) = preSolution
		HideSolutionNode = FALSE
	EndGlobalSection
	GlobalSection(NestedProjects) = preSolution
		{C3DE1E50-0549-4E3C-BDDC-1A89C7E406CE} = {A877E7B0-1679-45B9-AF90-F1F4434E4217}
		{0525C596-FA5F-4277-A6D8-DFCA0F18F53D} = {A877E7B0-1679-45B9-AF90-F1F4434E4217}
		{6F547CA2-6DA0-4B7A-BC72-9598CAD45A19} = {A877E7B0-1679-45B9-AF90-F1F4434E4217}
		{FBD446BC-6CE1-4C44-A420-3607E199683C} = {A877E7B0-1679-45B9-AF90-F1F4434E4217}
	EndGlobalSection
EndGlobal
